{
    "_meta": {
        "hash": {
            "sha256": "aa42d0cf6d9b7a365dda225635fc7584e6f03dd6829cc3471a9c36ef38abc40d"
        },
        "pipfile-spec": 6,
        "requires": {
            "python_version": "3.7"
        },
        "sources": [
            {
                "name": "pypi",
                "url": "https://pypi.org/simple",
                "verify_ssl": true
            }
        ]
    },
    "default": {
        "asgiref": {
            "hashes": [
                "sha256:5ee950735509d04eb673bd7f7120f8fa1c9e2df495394992c73234d526907e17",
                "sha256:7162a3cb30ab0609f1a4c95938fd73e8604f63bdba516a7f7d64b83ff09478f0"
            ],
            "markers": "python_version >= '3.5'",
            "version": "==3.3.1"
        },
        "certifi": {
            "hashes": [
                "sha256:1a4995114262bffbc2413b159f2a1a480c969de6e6eb13ee966d470af86af59c",
                "sha256:719a74fb9e33b9bd44cc7f3a8d94bc35e4049deebe19ba7d8e108280cfd59830"
            ],
            "version": "==2020.12.5"
        },
        "chardet": {
            "hashes": [
                "sha256:0d6f53a15db4120f2b08c94f11e7d93d2c911ee118b6b30a04ec3ee8310179fa",
                "sha256:f864054d66fd9118f2e67044ac8981a54775ec5b67aed0441892edb553d21da5"
            ],
            "markers": "python_version >= '2.7' and python_version not in '3.0, 3.1, 3.2, 3.3, 3.4'",
            "version": "==4.0.0"
        },
        "click": {
            "hashes": [
                "sha256:d2b5255c7c6349bc1bd1e59e08cd12acbbd63ce649f2588755783aa94dfb6b1a",
                "sha256:dacca89f4bfadd5de3d7489b7c8a566eee0d3676333fbb50030263894c38c0dc"
            ],
            "markers": "python_version >= '2.7' and python_version not in '3.0, 3.1, 3.2, 3.3, 3.4'",
            "version": "==7.1.2"
        },
        "colorama": {
            "hashes": [
                "sha256:5941b2b48a20143d2267e95b1c2a7603ce057ee39fd88e7329b0c292aa16869b",
                "sha256:9f47eda37229f68eee03b24b9748937c7dc3868f906e8ba69fbcbdd3bc5dc3e2"
            ],
            "markers": "sys_platform == 'win32'",
            "version": "==0.4.4"
        },
        "decorator": {
            "hashes": [
                "sha256:41fa54c2a0cc4ba648be4fd43cff00aedf5b9465c9bf18d64325bc225f08f760",
                "sha256:e3a62f0520172440ca0dcc823749319382e377f37f140a0b99ef45fecb84bfe7"
            ],
            "version": "==4.4.2"
        },
        "django": {
            "hashes": [
                "sha256:169e2e7b4839a7910b393eec127fd7cbae62e80fa55f89c6510426abf673fe5f",
                "sha256:c6c0462b8b361f8691171af1fb87eceb4442da28477e12200c40420176206ba7"
            ],
            "index": "pypi",
            "version": "==3.1.6"
        },
        "django-cors-headers": {
            "hashes": [
                "sha256:1ac2b1213de75a251e2ba04448da15f99bcfcbe164288ae6b5ff929dc49b372f",
                "sha256:96069c4aaacace786a34ee7894ff680780ec2644e4268b31181044410fecd12e"
            ],
            "index": "pypi",
            "version": "==3.7.0"
        },
        "django-extensions": {
            "hashes": [
                "sha256:7cd002495ff0a0e5eb6cdd6be759600905b4e4079232ea27618fc46bdd853651",
                "sha256:c7f88625a53f631745d4f2bef9ec4dcb999ed59476393bdbbe99db8596778846"
            ],
            "index": "pypi",
            "version": "==3.1.0"
        },
        "djangorestframework": {
            "hashes": [
                "sha256:0209bafcb7b5010fdfec784034f059d512256424de2a0f084cb82b096d6dd6a7",
                "sha256:0898182b4737a7b584a2c73735d89816343369f259fea932d90dc78e35d8ac33"
            ],
            "index": "pypi",
            "version": "==3.12.2"
        },
        "dynaconf": {
            "hashes": [
                "sha256:808adfe964f10695846dbf8dad7632e47fc3bc38860fd1887ed57dddffc4eff2",
                "sha256:9b34ab2f811a81755f5eb4beac77a69e1e0887528c7e37fc4bc83fed52dcf502"
            ],
            "version": "==3.1.2"
        },
        "gunicorn": {
            "hashes": [
                "sha256:1904bb2b8a43658807108d59c3f3d56c2b6121a701161de0ddf9ad140073c626",
                "sha256:cd4a810dd51bf497552cf3f863b575dabd73d6ad6a91075b65936b151cbf4f9c"
            ],
            "index": "pypi",
            "version": "==20.0.4"
        },
        "hvac": {
            "hashes": [
                "sha256:5018e62a7d07df6eaac5cf6c5c2bf944fe483acac11bc545922bb2414df912fe",
                "sha256:6ee2ba6002f11151472fa873b6637d902fc6045a2193aea08b39ae8147c230ba"
            ],
            "version": "==0.10.7"
        },
        "idna": {
            "hashes": [
                "sha256:b307872f855b18632ce0c21c5e45be78c0ea7ae4c15c828c20788b26921eb3f6",
                "sha256:b97d804b1e9b523befed77c48dacec60e6dcb0b5391d57af6a65a312a90648c0"
            ],
            "markers": "python_version >= '2.7' and python_version not in '3.0, 3.1, 3.2, 3.3'",
            "version": "==2.10"
        },
        "knox": {
            "hashes": [
                "sha256:83aebd1cd7b87fcc99a33bf76c6ccce6a23e4c01a4e698adccf9ed8b5d08e238"
            ],
            "index": "pypi",
            "version": "==0.1.11"
        },
        "loguru": {
            "hashes": [
                "sha256:b28e72ac7a98be3d28ad28570299a393dfcd32e5e3f6a353dec94675767b6319",
                "sha256:f8087ac396b5ee5f67c963b495d615ebbceac2796379599820e324419d53667c"
            ],
            "markers": "python_version >= '3.5'",
            "version": "==0.5.3"
        },
        "pytz": {
            "hashes": [
                "sha256:83a4a90894bf38e243cf052c8b58f381bfe9a7a483f6a9cab140bc7f702ac4da",
                "sha256:eb10ce3e7736052ed3623d49975ce333bcd712c7bb19a58b9e2089d4057d0798"
            ],
            "version": "==2021.1"
        },
        "requests": {
            "hashes": [
                "sha256:27973dd4a904a4f13b263a19c866c13b92a39ed1c964655f025f3f8d3d75b804",
                "sha256:c210084e36a42ae6b9219e00e48287def368a26d03a048ddad7bfee44f75871e"
            ],
            "index": "pypi",
            "version": "==2.25.1"
        },
        "shortuuid": {
            "hashes": [
                "sha256:3c11d2007b915c43bee3e10625f068d8a349e04f0d81f08f5fa08507427ebf1f",
                "sha256:492c7402ff91beb1342a5898bd61ea953985bf24a41cd9f247409aa2e03c8f77"
            ],
            "markers": "python_version >= '3.5'",
            "version": "==1.0.1"
        },
        "six": {
            "hashes": [
                "sha256:30639c035cdb23534cd4aa2dd52c3bf48f06e5f4a941509c8bafd8ce11080259",
                "sha256:8b74bedcbbbaca38ff6d7491d76f2b06b3592611af620f8426e82dddb04a5ced"
            ],
            "markers": "python_version >= '2.7' and python_version not in '3.0, 3.1, 3.2, 3.3'",
            "version": "==1.15.0"
        },
        "sqlparse": {
            "hashes": [
                "sha256:017cde379adbd6a1f15a61873f43e8274179378e95ef3fede90b5aa64d304ed0",
                "sha256:0f91fd2e829c44362cbcfab3e9ae12e22badaa8a29ad5ff599f9ec109f0454e8"
            ],
            "markers": "python_version >= '3.5'",
            "version": "==0.4.1"
        },
        "urllib3": {
            "hashes": [
                "sha256:1b465e494e3e0d8939b50680403e3aedaa2bc434b7d5af64dfd3c958d7f5ae80",
                "sha256:de3eedaad74a2683334e282005cd8d7f22f4d55fa690a2a1020a416cb0a47e73"
            ],
            "markers": "python_version >= '2.7' and python_version not in '3.0, 3.1, 3.2, 3.3, 3.4' and python_version < '4'",
            "version": "==1.26.3"
        },
        "validators": {
            "hashes": [
                "sha256:0143dcca8a386498edaf5780cbd5960da1a4c85e0719f3ee5c9b41249c4fefbd",
                "sha256:37cd9a9213278538ad09b5b9f9134266e7c226ab1fede1d500e29e0a8fbb9ea6"
            ],
            "markers": "python_version >= '3.4'",
            "version": "==0.18.2"
        },
        "waitress": {
            "hashes": [
                "sha256:1bb436508a7487ac6cb097ae7a7fe5413aefca610550baf58f0940e51ecfb261",
                "sha256:3d633e78149eb83b60a07dfabb35579c29aac2d24bb803c18b26fb2ab1a584db"
            ],
            "index": "pypi",
            "version": "==1.4.4"
        },
        "win32-setctime": {
            "hashes": [
                "sha256:4e88556c32fdf47f64165a2180ba4552f8bb32c1103a2fafd05723a0bd42bd4b",
                "sha256:dc925662de0a6eb987f0b01f599c01a8236cb8c62831c22d9cada09ad958243e"
            ],
            "markers": "sys_platform == 'win32'",
            "version": "==1.0.3"
        }
    },
    "develop": {}
}
